
Microsoft Visual Studio Solution File, Format Version 12.00
# Visual Studio Version 16
VisualStudioVersion = 16.0.30204.135
MinimumVisualStudioVersion = 10.0.40219.1
Project("{FAE04EC0-301F-11D3-BF4B-00C04F79EFBC}") = "AzureWeb", "AzureWeb\AzureWeb.csproj", "{347B4312-5ACC-425C-B4DC-16E5A4AD2D4A}"
EndProject
Global
	GlobalSection(SolutionConfigurationPlatforms) = preSolution
		Debug|Any CPU = Debug|Any CPU
		Release|Any CPU = Release|Any CPU
	EndGlobalSection
	GlobalSection(ProjectConfigurationPlatforms) = postSolution
		{347B4312-5ACC-425C-B4DC-16E5A4AD2D4A}.Debug|Any CPU.ActiveCfg = Debug|Any CPU
		{347B4312-5ACC-425C-B4DC-16E5A4AD2D4A}.Debug|Any CPU.Build.0 = Debug|Any CPU
		{347B4312-5ACC-425C-B4DC-16E5A4AD2D4A}.Release|Any CPU.ActiveCfg = Release|Any CPU
		{347B4312-5ACC-425C-B4DC-16E5A4AD2D4A}.Release|Any CPU.Build.0 = Release|Any CPU
	EndGlobalSection
	GlobalSection(SolutionProperties) = preSolution
		HideSolutionNode = FALSE
	EndGlobalSection
	GlobalSection(ExtensibilityGlobals) = postSolution
		SolutionGuid = {57F8ADA9-59E0-49AD-A799-E5D0A974F3DF}
	EndGlobalSection
EndGlobal
